PODS:
  - ARNTransitionAnimator (3.2.0)

DEPENDENCIES:
  - ARNTransitionAnimator

SPEC REPOS:
  https://github.com/cocoapods/specs.git:
    - ARNTransitionAnimator

SPEC CHECKSUMS:
  ARNTransitionAnimator: 6fea1fe318b251abfd3cbd06d91215deb374ae40

PODFILE CHECKSUM: 02d14325d1bce0bd019ad4cee697be7a448a09f4

COCOAPODS: 1.6.1
